
Microsoft Visual Studio Solution File, Format Version 12.00
# Visual Studio Version 17
VisualStudioVersion = 17.10.35013.160
MinimumVisualStudioVersion = 10.0.40219.1
Project("{FAE04EC0-301F-11D3-BF4B-00C04F79EFBC}") = "GoogleMapTest", "GoogleMapTest.csproj", "{3991BDD7-DFEE-4F85-A2E9-8BA66A19809A}"
EndProject
Global
	GlobalSection(SolutionConfigurationPlatforms) = preSolution
		Debug|Any CPU = Debug|Any CPU
		Release|Any CPU = Release|Any CPU
	EndGlobalSection
	GlobalSection(ProjectConfigurationPlatforms) = postSolution
		{3991BDD7-DFEE-4F85-A2E9-8BA66A19809A}.Debug|Any CPU.ActiveCfg = Debug|Any CPU
		{3991BDD7-DFEE-4F85-A2E9-8BA66A19809A}.Debug|Any CPU.Build.0 = Debug|Any CPU
		{3991BDD7-DFEE-4F85-A2E9-8BA66A19809A}.Release|Any CPU.ActiveCfg = Release|Any CPU
		{3991BDD7-DFEE-4F85-A2E9-8BA66A19809A}.Release|Any CPU.Build.0 = Release|Any CPU
	EndGlobalSection
	GlobalSection(SolutionProperties) = preSolution
		HideSolutionNode = FALSE
	EndGlobalSection
	GlobalSection(ExtensibilityGlobals) = postSolution
		SolutionGuid = {6B5D752C-3BAC-4580-A4DF-A504D437EA4C}
	EndGlobalSection
EndGlobal
